
Microsoft Visual Studio Solution File, Format Version 12.00
# Visual Studio Version 17
VisualStudioVersion = 17.14.36408.4
MinimumVisualStudioVersion = 10.0.40219.1
Project("{FAE04EC0-301F-11D3-BF4B-00C04F79EFBC}") = "GK.Talks", "GK.Talks\GK.Talks.csproj", "{857A366E-D8C6-1CEB-7FA0-C9E4196079F5}"
EndProject
Project("{FAE04EC0-301F-11D3-BF4B-00C04F79EFBC}") = "GK.Talks.Tests", "GK.Talks.Tests\GK.Talks.Tests.csproj", "{BD926455-67A3-C813-E199-00970D76134F}"
EndProject
Global
	GlobalSection(SolutionConfigurationPlatforms) = preSolution
		Debug|Any CPU = Debug|Any CPU
		Release|Any CPU = Release|Any CPU
	EndGlobalSection
	GlobalSection(ProjectConfigurationPlatforms) = postSolution
		{857A366E-D8C6-1CEB-7FA0-C9E4196079F5}.Debug|Any CPU.ActiveCfg = Debug|Any CPU
		{857A366E-D8C6-1CEB-7FA0-C9E4196079F5}.Debug|Any CPU.Build.0 = Debug|Any CPU
		{857A366E-D8C6-1CEB-7FA0-C9E4196079F5}.Release|Any CPU.ActiveCfg = Release|Any CPU
		{857A366E-D8C6-1CEB-7FA0-C9E4196079F5}.Release|Any CPU.Build.0 = Release|Any CPU
		{BD926455-67A3-C813-E199-00970D76134F}.Debug|Any CPU.ActiveCfg = Debug|Any CPU
		{BD926455-67A3-C813-E199-00970D76134F}.Debug|Any CPU.Build.0 = Debug|Any CPU
		{BD926455-67A3-C813-E199-00970D76134F}.Release|Any CPU.ActiveCfg = Release|Any CPU
		{BD926455-67A3-C813-E199-00970D76134F}.Release|Any CPU.Build.0 = Release|Any CPU
	EndGlobalSection
	GlobalSection(SolutionProperties) = preSolution
		HideSolutionNode = FALSE
	EndGlobalSection
	GlobalSection(ExtensibilityGlobals) = postSolution
		SolutionGuid = {D51634DF-EAF0-447D-BBDD-55A43404343E}
	EndGlobalSection
EndGlobal
